// !$*UTF8*$!
{
	archiveVersion = 1;
	classes = {
	};
	objectVersion = 56;
	objects = {

/* Begin PBXBuildFile section */
		FE53D4EF2BFA7B5C003DF5AA /* CSScanObject.xcframework in Frameworks */ = {isa = PBXBuildFile; fileRef = FE53D4ED2BFA7B57003DF5AA /* CSScanObject.xcframework */; };
		FE53D4F02BFA7B5C003DF5AA /* CSScanObject.xcframework in Embed Frameworks */ = {isa = PBXBuildFile; fileRef = FE53D4ED2BFA7B57003DF5AA /* CSScanObject.xcframework */; settings = {ATTRIBUTES = (CodeSignOnCopy, RemoveHeadersOnCopy, ); }; };
		FE53D4F22BFA7EAC003DF5AA /* ModelProgressView.swift in Sources */ = {isa = PBXBuildFile; fileRef = FE53D4F12BFA7EAC003DF5AA /* ModelProgressView.swift */; };
		FE53D4F62BFB1EBA003DF5AA /* Constants.swift in Sources */ = {isa = PBXBuildFile; fileRef = FE53D4F52BFB1EBA003DF5AA /* Constants.swift */; };
		FE69D1FB2BF782CB00C2CD34 /* ViewController.swift in Sources */ = {isa = PBXBuildFile; fileRef = FE69D1FA2BF782CB00C2CD34 /* ViewController.swift */; };
		FE69D2792BF79EA700C2CD34 /* HelloPhotogrammetry2.swift in Sources */ = {isa = PBXBuildFile; fileRef = FE69D2782BF79EA700C2CD34 /* HelloPhotogrammetry2.swift */; };
		FE69D27C2BF79FE200C2CD34 /* ArgumentParser in Frameworks */ = {isa = PBXBuildFile; productRef = FE69D27B2BF79FE200C2CD34 /* ArgumentParser */; };
		FE69D3762BF7A47900C2CD34 /* FileManager.swift in Sources */ = {isa = PBXBuildFile; fileRef = FE69D3752BF7A47900C2CD34 /* FileManager.swift */; };
		FE69D3B42BFA50C100C2CD34 /* CustomLocationManager.swift in Sources */ = {isa = PBXBuildFile; fileRef = FE69D3AE2BFA50C000C2CD34 /* CustomLocationManager.swift */; };
		FE69D3B52BFA50C100C2CD34 /* HelloPhotogrammetry.swift in Sources */ = {isa = PBXBuildFile; fileRef = FE69D3AF2BFA50C000C2CD34 /* HelloPhotogrammetry.swift */; };
		FE69D3B72BFA50C100C2CD34 /* USDZView.swift in Sources */ = {isa = PBXBuildFile; fileRef = FE69D3B12BFA50C100C2CD34 /* USDZView.swift */; };
		FE72EB922BF5E9C300F2E1F5 /* AppDelegate.swift in Sources */ = {isa = PBXBuildFile; fileRef = FE72EB912BF5E9C300F2E1F5 /* AppDelegate.swift */; };
		FE72EB942BF5E9C300F2E1F5 /* ContentView2.swift in Sources */ = {isa = PBXBuildFile; fileRef = FE72EB932BF5E9C300F2E1F5 /* ContentView2.swift */; };
		FE72EB962BF5E9C500F2E1F5 /* Assets.xcassets in Resources */ = {isa = PBXBuildFile; fileRef = FE72EB952BF5E9C500F2E1F5 /* Assets.xcassets */; };
		FE72EB992BF5E9C500F2E1F5 /* Preview Assets.xcassets in Resources */ = {isa = PBXBuildFile; fileRef = FE72EB982BF5E9C500F2E1F5 /* Preview Assets.xcassets */; };
/* End PBXBuildFile section */

/* Begin PBXCopyFilesBuildPhase section */
		FE69D3D72BFA5AC700C2CD34 /* Embed Frameworks */ = {
			isa = PBXCopyFilesBuildPhase;
			buildActionMask = 2147483647;
			dstPath = "";
			dstSubfolderSpec = 10;
			files = (
				FE53D4F02BFA7B5C003DF5AA /* CSScanObject.xcframework in Embed Frameworks */,
			);
			name = "Embed Frameworks";
			runOnlyForDeploymentPostprocessing = 0;
		};
/* End PBXCopyFilesBuildPhase section */

/* Begin PBXFileReference section */
		FE53D4ED2BFA7B57003DF5AA /* CSScanObject.xcframework */ = {isa = PBXFileReference; lastKnownFileType = wrapper.xcframework; path = CSScanObject.xcframework; sourceTree = "<group>"; };
		FE53D4F12BFA7EAC003DF5AA /* ModelProgressView.swift */ = {isa = PBXFileReference; lastKnownFileType = sourcecode.swift; path = ModelProgressView.swift; sourceTree = "<group>"; };
		FE53D4F52BFB1EBA003DF5AA /* Constants.swift */ = {isa = PBXFileReference; lastKnownFileType = sourcecode.swift; path = Constants.swift; sourceTree = "<group>"; };
		FE69D1FA2BF782CB00C2CD34 /* ViewController.swift */ = {isa = PBXFileReference; lastKnownFileType = sourcecode.swift; path = ViewController.swift; sourceTree = "<group>"; };
		FE69D2782BF79EA700C2CD34 /* HelloPhotogrammetry2.swift */ = {isa = PBXFileReference; fileEncoding = 4; lastKnownFileType = sourcecode.swift; path = HelloPhotogrammetry2.swift; sourceTree = "<group>"; };
		FE69D3752BF7A47900C2CD34 /* FileManager.swift */ = {isa = PBXFileReference; lastKnownFileType = sourcecode.swift; path = FileManager.swift; sourceTree = "<group>"; };
		FE69D37C2BF8C59E00C2CD34 /* Info.plist */ = {isa = PBXFileReference; lastKnownFileType = text.plist; path = Info.plist; sourceTree = "<group>"; };
		FE69D3AE2BFA50C000C2CD34 /* CustomLocationManager.swift */ = {isa = PBXFileReference; fileEncoding = 4; lastKnownFileType = sourcecode.swift; path = CustomLocationManager.swift; sourceTree = "<group>"; };
		FE69D3AF2BFA50C000C2CD34 /* HelloPhotogrammetry.swift */ = {isa = PBXFileReference; fileEncoding = 4; lastKnownFileType = sourcecode.swift; path = HelloPhotogrammetry.swift; sourceTree = "<group>"; };
		FE69D3B12BFA50C100C2CD34 /* USDZView.swift */ = {isa = PBXFileReference; fileEncoding = 4; lastKnownFileType = sourcecode.swift; path = USDZView.swift; sourceTree = "<group>"; };
		FE72EB8E2BF5E9C300F2E1F5 /* ScanAR.app */ = {isa = PBXFileReference; explicitFileType = wrapper.application; includeInIndex = 0; path = ScanAR.app; sourceTree = BUILT_PRODUCTS_DIR; };
		FE72EB912BF5E9C300F2E1F5 /* AppDelegate.swift */ = {isa = PBXFileReference; lastKnownFileType = sourcecode.swift; path = AppDelegate.swift; sourceTree = "<group>"; };
		FE72EB932BF5E9C300F2E1F5 /* ContentView2.swift */ = {isa = PBXFileReference; lastKnownFileType = sourcecode.swift; path = ContentView2.swift; sourceTree = "<group>"; };
		FE72EB952BF5E9C500F2E1F5 /* Assets.xcassets */ = {isa = PBXFileReference; lastKnownFileType = folder.assetcatalog; path = Assets.xcassets; sourceTree = "<group>"; };
		FE72EB982BF5E9C500F2E1F5 /* Preview Assets.xcassets */ = {isa = PBXFileReference; lastKnownFileType = folder.assetcatalog; path = "Preview Assets.xcassets"; sourceTree = "<group>"; };
/* End PBXFileReference section */

/* Begin PBXFrameworksBuildPhase section */
		FE72EB8B2BF5E9C300F2E1F5 /* Frameworks */ = {
			isa = PBXFrameworksBuildPhase;
			buildActionMask = 2147483647;
			files = (
				FE69D27C2BF79FE200C2CD34 /* ArgumentParser in Frameworks */,
				FE53D4EF2BFA7B5C003DF5AA /* CSScanObject.xcframework in Frameworks */,
			);
			runOnlyForDeploymentPostprocessing = 0;
		};
/* End PBXFrameworksBuildPhase section */

/* Begin PBXGroup section */
		FE53D4EC2BFA7B3E003DF5AA /* Frameworks */ = {
			isa = PBXGroup;
			children = (
				FE53D4ED2BFA7B57003DF5AA /* CSScanObject.xcframework */,
			);
			path = Frameworks;
			sourceTree = "<group>";
		};
		FE69D3AD2BFA50B400C2CD34 /* 3D */ = {
			isa = PBXGroup;
			children = (
				FE69D3AE2BFA50C000C2CD34 /* CustomLocationManager.swift */,
				FE69D3AF2BFA50C000C2CD34 /* HelloPhotogrammetry.swift */,
				FE69D3B12BFA50C100C2CD34 /* USDZView.swift */,
				FE53D4F12BFA7EAC003DF5AA /* ModelProgressView.swift */,
				FE53D4F52BFB1EBA003DF5AA /* Constants.swift */,
			);
			path = 3D;
			sourceTree = "<group>";
		};
		FE72EB852BF5E9C300F2E1F5 = {
			isa = PBXGroup;
			children = (
				FE53D4EC2BFA7B3E003DF5AA /* Frameworks */,
				FE72EB902BF5E9C300F2E1F5 /* ScanAR */,
				FE72EB8F2BF5E9C300F2E1F5 /* Products */,
			);
			sourceTree = "<group>";
		};
		FE72EB8F2BF5E9C300F2E1F5 /* Products */ = {
			isa = PBXGroup;
			children = (
				FE72EB8E2BF5E9C300F2E1F5 /* ScanAR.app */,
			);
			name = Products;
			sourceTree = "<group>";
		};
		FE72EB902BF5E9C300F2E1F5 /* ScanAR */ = {
			isa = PBXGroup;
			children = (
				FE69D3AD2BFA50B400C2CD34 /* 3D */,
				FE69D37C2BF8C59E00C2CD34 /* Info.plist */,
				FE72EB912BF5E9C300F2E1F5 /* AppDelegate.swift */,
				FE72EB932BF5E9C300F2E1F5 /* ContentView2.swift */,
				FE69D1FA2BF782CB00C2CD34 /* ViewController.swift */,
				FE69D2782BF79EA700C2CD34 /* HelloPhotogrammetry2.swift */,
				FE72EB952BF5E9C500F2E1F5 /* Assets.xcassets */,
				FE72EB972BF5E9C500F2E1F5 /* Preview Content */,
				FE69D3752BF7A47900C2CD34 /* FileManager.swift */,
			);
			path = ScanAR;
			sourceTree = "<group>";
		};
		FE72EB972BF5E9C500F2E1F5 /* Preview Content */ = {
			isa = PBXGroup;
			children = (
				FE72EB982BF5E9C500F2E1F5 /* Preview Assets.xcassets */,
			);
			path = "Preview Content";
			sourceTree = "<group>";
		};
/* End PBXGroup section */

/* Begin PBXNativeTarget section */
		FE72EB8D2BF5E9C300F2E1F5 /* ScanAR */ = {
			isa = PBXNativeTarget;
			buildConfigurationList = FE72EB9C2BF5E9C500F2E1F5 /* Build configuration list for PBXNativeTarget "ScanAR" */;
			buildPhases = (
				FE72EB8A2BF5E9C300F2E1F5 /* Sources */,
				FE72EB8B2BF5E9C300F2E1F5 /* Frameworks */,
				FE72EB8C2BF5E9C300F2E1F5 /* Resources */,
				FE69D3D72BFA5AC700C2CD34 /* Embed Frameworks */,
			);
			buildRules = (
			);
			dependencies = (
			);
			name = ScanAR;
			packageProductDependencies = (
				FE69D27B2BF79FE200C2CD34 /* ArgumentParser */,
			);
			productName = ScanAR;
			productReference = FE72EB8E2BF5E9C300F2E1F5 /* ScanAR.app */;
			productType = "com.apple.product-type.application";
		};
/* End PBXNativeTarget section */

/* Begin PBXProject section */
		FE72EB862BF5E9C300F2E1F5 /* Project object */ = {
			isa = PBXProject;
			attributes = {
				BuildIndependentTargetsInParallel = 1;
				LastSwiftUpdateCheck = 1530;
				LastUpgradeCheck = 1530;
				TargetAttributes = {
					FE72EB8D2BF5E9C300F2E1F5 = {
						CreatedOnToolsVersion = 15.3;
					};
				};
			};
			buildConfigurationList = FE72EB892BF5E9C300F2E1F5 /* Build configuration list for PBXProject "ScanAR" */;
			compatibilityVersion = "Xcode 14.0";
			developmentRegion = en;
			hasScannedForEncodings = 0;
			knownRegions = (
				en,
				Base,
			);
			mainGroup = FE72EB852BF5E9C300F2E1F5;
			packageReferences = (
				FE69D27A2BF79FE200C2CD34 /* XCRemoteSwiftPackageReference "swift-argument-parser" */,
			);
			productRefGroup = FE72EB8F2BF5E9C300F2E1F5 /* Products */;
			projectDirPath = "";
			projectRoot = "";
			targets = (
				FE72EB8D2BF5E9C300F2E1F5 /* ScanAR */,
			);
		};
/* End PBXProject section */

/* Begin PBXResourcesBuildPhase section */
		FE72EB8C2BF5E9C300F2E1F5 /* Resources */ = {
			isa = PBXResourcesBuildPhase;
			buildActionMask = 2147483647;
			files = (
				FE72EB992BF5E9C500F2E1F5 /* Preview Assets.xcassets in Resources */,
				FE72EB962BF5E9C500F2E1F5 /* Assets.xcassets in Resources */,
			);
			runOnlyForDeploymentPostprocessing = 0;
		};
/* End PBXResourcesBuildPhase section */

/* Begin PBXSourcesBuildPhase section */
		FE72EB8A2BF5E9C300F2E1F5 /* Sources */ = {
			isa = PBXSourcesBuildPhase;
			buildActionMask = 2147483647;
			files = (
				FE69D3762BF7A47900C2CD34 /* FileManager.swift in Sources */,
				FE69D1FB2BF782CB00C2CD34 /* ViewController.swift in Sources */,
				FE72EB942BF5E9C300F2E1F5 /* ContentView2.swift in Sources */,
				FE69D3B72BFA50C100C2CD34 /* USDZView.swift in Sources */,
				FE69D3B52BFA50C100C2CD34 /* HelloPhotogrammetry.swift in Sources */,
				FE53D4F62BFB1EBA003DF5AA /* Constants.swift in Sources */,
				FE69D3B42BFA50C100C2CD34 /* CustomLocationManager.swift in Sources */,
				FE53D4F22BFA7EAC003DF5AA /* ModelProgressView.swift in Sources */,
				FE69D2792BF79EA700C2CD34 /* HelloPhotogrammetry2.swift in Sources */,
				FE72EB922BF5E9C300F2E1F5 /* AppDelegate.swift in Sources */,
			);
			runOnlyForDeploymentPostprocessing = 0;
		};
/* End PBXSourcesBuildPhase section */

/* Begin XCBuildConfiguration section */
		FE72EB9A2BF5E9C500F2E1F5 /* Debug */ = {
			isa = XCBuildConfiguration;
			buildSettings = {
				ALWAYS_SEARCH_USER_PATHS = NO;
				ASSETCATALOG_COMPILER_GENERATE_SWIFT_ASSET_SYMBOL_EXTENSIONS = YES;
				CLANG_ANALYZER_NONNULL = YES;
				CLANG_ANALYZER_NUMBER_OBJECT_CONVERSION = YES_AGGRESSIVE;
				CLANG_CXX_LANGUAGE_STANDARD = "gnu++20";
				CLANG_ENABLE_MODULES = YES;
				CLANG_ENABLE_OBJC_ARC = YES;
				CLANG_ENABLE_OBJC_WEAK = YES;
				CLANG_WARN_BLOCK_CAPTURE_AUTORELEASING = YES;
				CLANG_WARN_BOOL_CONVERSION = YES;
				CLANG_WARN_COMMA = YES;
				CLANG_WARN_CONSTANT_CONVERSION = YES;
				CLANG_WARN_DEPRECATED_OBJC_IMPLEMENTATIONS = YES;
				CLANG_WARN_DIRECT_OBJC_ISA_USAGE = YES_ERROR;
				CLANG_WARN_DOCUMENTATION_COMMENTS = YES;
				CLANG_WARN_EMPTY_BODY = YES;
				CLANG_WARN_ENUM_CONVERSION = YES;
				CLANG_WARN_INFINITE_RECURSION = YES;
				CLANG_WARN_INT_CONVERSION = YES;
				CLANG_WARN_NON_LITERAL_NULL_CONVERSION = YES;
				CLANG_WARN_OBJC_IMPLICIT_RETAIN_SELF = YES;
				CLANG_WARN_OBJC_LITERAL_CONVERSION = YES;
				CLANG_WARN_OBJC_ROOT_CLASS = YES_ERROR;
				CLANG_WARN_QUOTED_INCLUDE_IN_FRAMEWORK_HEADER = YES;
				CLANG_WARN_RANGE_LOOP_ANALYSIS = YES;
				CLANG_WARN_STRICT_PROTOTYPES = YES;
				CLANG_WARN_SUSPICIOUS_MOVE = YES;
				CLANG_WARN_UNGUARDED_AVAILABILITY = YES_AGGRESSIVE;
				CLANG_WARN_UNREACHABLE_CODE = YES;
				CLANG_WARN__DUPLICATE_METHOD_MATCH = YES;
				COPY_PHASE_STRIP = NO;
				DEBUG_INFORMATION_FORMAT = dwarf;
				ENABLE_STRICT_OBJC_MSGSEND = YES;
				ENABLE_TESTABILITY = YES;
				ENABLE_USER_SCRIPT_SANDBOXING = YES;
				GCC_C_LANGUAGE_STANDARD = gnu17;
				GCC_DYNAMIC_NO_PIC = NO;
				GCC_NO_COMMON_BLOCKS = YES;
				GCC_OPTIMIZATION_LEVEL = 0;
				GCC_PREPROCESSOR_DEFINITIONS = (
					"DEBUG=1",
					"$(inherited)",
				);
				GCC_WARN_64_TO_32_BIT_CONVERSION = YES;
				GCC_WARN_ABOUT_RETURN_TYPE = YES_ERROR;
				GCC_WARN_UNDECLARED_SELECTOR = YES;
				GCC_WARN_UNINITIALIZED_AUTOS = YES_AGGRESSIVE;
				GCC_WARN_UNUSED_FUNCTION = YES;
				GCC_WARN_UNUSED_VARIABLE = YES;
				IPHONEOS_DEPLOYMENT_TARGET = 17.4;
				LOCALIZATION_PREFERS_STRING_CATALOGS = YES;
				MTL_ENABLE_DEBUG_INFO = INCLUDE_SOURCE;
				MTL_FAST_MATH = YES;
				ONLY_ACTIVE_ARCH = YES;
				SDKROOT = iphoneos;
				SWIFT_ACTIVE_COMPILATION_CONDITIONS = "DEBUG $(inherited)";
				SWIFT_OPTIMIZATION_LEVEL = "-Onone";
			};
			name = Debug;
		};
		FE72EB9B2BF5E9C500F2E1F5 /* Release */ = {
			isa = XCBuildConfiguration;
			buildSettings = {
				ALWAYS_SEARCH_USER_PATHS = NO;
				ASSETCATALOG_COMPILER_GENERATE_SWIFT_ASSET_SYMBOL_EXTENSIONS = YES;
				CLANG_ANALYZER_NONNULL = YES;
				CLANG_ANALYZER_NUMBER_OBJECT_CONVERSION = YES_AGGRESSIVE;
				CLANG_CXX_LANGUAGE_STANDARD = "gnu++20";
				CLANG_ENABLE_MODULES = YES;
				CLANG_ENABLE_OBJC_ARC = YES;
				CLANG_ENABLE_OBJC_WEAK = YES;
				CLANG_WARN_BLOCK_CAPTURE_AUTORELEASING = YES;
				CLANG_WARN_BOOL_CONVERSION = YES;
				CLANG_WARN_COMMA = YES;
				CLANG_WARN_CONSTANT_CONVERSION = YES;
				CLANG_WARN_DEPRECATED_OBJC_IMPLEMENTATIONS = YES;
				CLANG_WARN_DIRECT_OBJC_ISA_USAGE = YES_ERROR;
				CLANG_WARN_DOCUMENTATION_COMMENTS = YES;
				CLANG_WARN_EMPTY_BODY = YES;
				CLANG_WARN_ENUM_CONVERSION = YES;
				CLANG_WARN_INFINITE_RECURSION = YES;
				CLANG_WARN_INT_CONVERSION = YES;
				CLANG_WARN_NON_LITERAL_NULL_CONVERSION = YES;
				CLANG_WARN_OBJC_IMPLICIT_RETAIN_SELF = YES;
				CLANG_WARN_OBJC_LITERAL_CONVERSION = YES;
				CLANG_WARN_OBJC_ROOT_CLASS = YES_ERROR;
				CLANG_WARN_QUOTED_INCLUDE_IN_FRAMEWORK_HEADER = YES;
				CLANG_WARN_RANGE_LOOP_ANALYSIS = YES;
				CLANG_WARN_STRICT_PROTOTYPES = YES;
				CLANG_WARN_SUSPICIOUS_MOVE = YES;
				CLANG_WARN_UNGUARDED_AVAILABILITY = YES_AGGRESSIVE;
				CLANG_WARN_UNREACHABLE_CODE = YES;
				CLANG_WARN__DUPLICATE_METHOD_MATCH = YES;
				COPY_PHASE_STRIP = NO;
				DEBUG_INFORMATION_FORMAT = "dwarf-with-dsym";
				ENABLE_NS_ASSERTIONS = NO;
				ENABLE_STRICT_OBJC_MSGSEND = YES;
				ENABLE_USER_SCRIPT_SANDBOXING = YES;
				GCC_C_LANGUAGE_STANDARD = gnu17;
				GCC_NO_COMMON_BLOCKS = YES;
				GCC_WARN_64_TO_32_BIT_CONVERSION = YES;
				GCC_WARN_ABOUT_RETURN_TYPE = YES_ERROR;
				GCC_WARN_UNDECLARED_SELECTOR = YES;
				GCC_WARN_UNINITIALIZED_AUTOS = YES_AGGRESSIVE;
				GCC_WARN_UNUSED_FUNCTION = YES;
				GCC_WARN_UNUSED_VARIABLE = YES;
				IPHONEOS_DEPLOYMENT_TARGET = 17.4;
				LOCALIZATION_PREFERS_STRING_CATALOGS = YES;
				MTL_ENABLE_DEBUG_INFO = NO;
				MTL_FAST_MATH = YES;
				SDKROOT = iphoneos;
				SWIFT_COMPILATION_MODE = wholemodule;
				VALIDATE_PRODUCT = YES;
			};
			name = Release;
		};
		FE72EB9D2BF5E9C500F2E1F5 /* Debug */ = {
			isa = XCBuildConfiguration;
			buildSettings = {
				ASSETCATALOG_COMPILER_APPICON_NAME = AppIcon;
				ASSETCATALOG_COMPILER_GLOBAL_ACCENT_COLOR_NAME = AccentColor;
				CODE_SIGN_STYLE = Automatic;
				CURRENT_PROJECT_VERSION = 1;
				DEVELOPMENT_ASSET_PATHS = "\"ScanAR/Preview Content\"";
				DEVELOPMENT_TEAM = 82L36F4VC4;
				ENABLE_PREVIEWS = YES;
				GENERATE_INFOPLIST_FILE = YES;
				INFOPLIST_FILE = ScanAR/Info.plist;
				INFOPLIST_KEY_LSSupportsOpeningDocumentsInPlace = YES;
				INFOPLIST_KEY_NSCameraUsageDescription = "CaptureSample uses the camera to take photos";
				INFOPLIST_KEY_UIApplicationSupportsIndirectInputEvents = YES;
				INFOPLIST_KEY_UILaunchScreen_Generation = YES;
				INFOPLIST_KEY_UIRequiredDeviceCapabilities = arkit;
				INFOPLIST_KEY_UIStatusBarHidden = YES;
				INFOPLIST_KEY_UISupportedInterfaceOrientations_iPad = "UIInterfaceOrientationPortrait UIInterfaceOrientationPortraitUpsideDown UIInterfaceOrientationLandscapeLeft UIInterfaceOrientationLandscapeRight";
				INFOPLIST_KEY_UISupportedInterfaceOrientations_iPhone = "UIInterfaceOrientationPortrait UIInterfaceOrientationLandscapeLeft UIInterfaceOrientationLandscapeRight";
				LD_RUNPATH_SEARCH_PATHS = (
					"$(inherited)",
					"@executable_path/Frameworks",
				);
				MARKETING_VERSION = 1.0;
				PRODUCT_BUNDLE_IDENTIFIER = "com.chaman-sahu.ScanAR";
				PRODUCT_NAME = "$(TARGET_NAME)";
				SWIFT_EMIT_LOC_STRINGS = YES;
				SWIFT_VERSION = 5.0;
				TARGETED_DEVICE_FAMILY = "1,2";
			};
			name = Debug;
		};
		FE72EB9E2BF5E9C500F2E1F5 /* Release */ = {
			isa = XCBuildConfiguration;
			buildSettings = {
				ASSETCATALOG_COMPILER_APPICON_NAME = AppIcon;
				ASSETCATALOG_COMPILER_GLOBAL_ACCENT_COLOR_NAME = AccentColor;
				CODE_SIGN_STYLE = Automatic;
				CURRENT_PROJECT_VERSION = 1;
				DEVELOPMENT_ASSET_PATHS = "\"ScanAR/Preview Content\"";
				DEVELOPMENT_TEAM = 82L36F4VC4;
				ENABLE_PREVIEWS = YES;
				GENERATE_INFOPLIST_FILE = YES;
				INFOPLIST_FILE = ScanAR/Info.plist;
				INFOPLIST_KEY_LSSupportsOpeningDocumentsInPlace = YES;
				INFOPLIST_KEY_NSCameraUsageDescription = "CaptureSample uses the camera to take photos";
				INFOPLIST_KEY_UIApplicationSupportsIndirectInputEvents = YES;
				INFOPLIST_KEY_UILaunchScreen_Generation = YES;
				INFOPLIST_KEY_UIRequiredDeviceCapabilities = arkit;
				INFOPLIST_KEY_UIStatusBarHidden = YES;
				INFOPLIST_KEY_UISupportedInterfaceOrientations_iPad = "UIInterfaceOrientationPortrait UIInterfaceOrientationPortraitUpsideDown UIInterfaceOrientationLandscapeLeft UIInterfaceOrientationLandscapeRight";
				INFOPLIST_KEY_UISupportedInterfaceOrientations_iPhone = "UIInterfaceOrientationPortrait UIInterfaceOrientationLandscapeLeft UIInterfaceOrientationLandscapeRight";
				LD_RUNPATH_SEARCH_PATHS = (
					"$(inherited)",
					"@executable_path/Frameworks",
				);
				MARKETING_VERSION = 1.0;
				PRODUCT_BUNDLE_IDENTIFIER = "com.chaman-sahu.ScanAR";
				PRODUCT_NAME = "$(TARGET_NAME)";
				SWIFT_EMIT_LOC_STRINGS = YES;
				SWIFT_VERSION = 5.0;
				TARGETED_DEVICE_FAMILY = "1,2";
			};
			name = Release;
		};
/* End XCBuildConfiguration section */

/* Begin XCConfigurationList section */
		FE72EB892BF5E9C300F2E1F5 /* Build configuration list for PBXProject "ScanAR" */ = {
			isa = XCConfigurationList;
			buildConfigurations = (
				FE72EB9A2BF5E9C500F2E1F5 /* Debug */,
				FE72EB9B2BF5E9C500F2E1F5 /* Release */,
			);
			defaultConfigurationIsVisible = 0;
			defaultConfigurationName = Release;
		};
		FE72EB9C2BF5E9C500F2E1F5 /* Build configuration list for PBXNativeTarget "ScanAR" */ = {
			isa = XCConfigurationList;
			buildConfigurations = (
				FE72EB9D2BF5E9C500F2E1F5 /* Debug */,
				FE72EB9E2BF5E9C500F2E1F5 /* Release */,
			);
			defaultConfigurationIsVisible = 0;
			defaultConfigurationName = Release;
		};
/* End XCConfigurationList section */

/* Begin XCRemoteSwiftPackageReference section */
		FE69D27A2BF79FE200C2CD34 /* XCRemoteSwiftPackageReference "swift-argument-parser" */ = {
			isa = XCRemoteSwiftPackageReference;
			repositoryURL = "https://github.com/apple/swift-argument-parser.git";
			requirement = {
				kind = upToNextMajorVersion;
				minimumVersion = 1.3.1;
			};
		};
/* End XCRemoteSwiftPackageReference section */

/* Begin XCSwiftPackageProductDependency section */
		FE69D27B2BF79FE200C2CD34 /* ArgumentParser */ = {
			isa = XCSwiftPackageProductDependency;
			package = FE69D27A2BF79FE200C2CD34 /* XCRemoteSwiftPackageReference "swift-argument-parser" */;
			productName = ArgumentParser;
		};
/* End XCSwiftPackageProductDependency section */
	};
	rootObject = FE72EB862BF5E9C300F2E1F5 /* Project object */;
}
